# This file was autogenerated by Stack.
# You should not edit this file by hand.
# For more information, please see the documentation at:
#   https://docs.haskellstack.org/en/stable/lock_files

packages: []
snapshots:
- completed:
    size: 521069
    url: https://raw.githubusercontent.com/commercialhaskell/stackage-snapshots/master/nightly/2019/7/21.yaml
    sha256: 740a6817520d1712a4b1928caf11880219247b1d75259f491c797dbe667e20eb
  original: nightly-2019-07-21
